
Microsoft Visual Studio Solution File, Format Version 12.00
# Visual Studio Version 16
VisualStudioVersion = 16.0.31205.134
MinimumVisualStudioVersion = 10.0.40219.1
Project("{8BC9CEB8-8B4A-11D0-8D11-00A0C91BC942}") = "Mimicry", "Mimicry.vcxproj", "{39AE260D-5EC7-4A61-95EF-F938DDBABF3E}"
EndProject
Project("{8BC9CEB8-8B4A-11D0-8D11-00A0C91BC942}") = "MimicryApp", "MimicryApp.vcxproj", "{3E109589-9ABA-42CE-94AD-FDB89D595A83}"
EndProject
Global
	GlobalSection(SolutionConfigurationPlatforms) = preSolution
		Debug|Win32 = Debug|Win32
		Release|Win32 = Release|Win32
	EndGlobalSection
	GlobalSection(ProjectConfigurationPlatforms) = postSolution
		{39AE260D-5EC7-4A61-95EF-F938DDBABF3E}.Debug|Win32.ActiveCfg = Debug|Win32
		{39AE260D-5EC7-4A61-95EF-F938DDBABF3E}.Debug|Win32.Build.0 = Debug|Win32
		{39AE260D-5EC7-4A61-95EF-F938DDBABF3E}.Release|Win32.ActiveCfg = Release|Win32
		{39AE260D-5EC7-4A61-95EF-F938DDBABF3E}.Release|Win32.Build.0 = Release|Win32
		{3E109589-9ABA-42CE-94AD-FDB89D595A83}.Debug|Win32.ActiveCfg = Debug|Win32
		{3E109589-9ABA-42CE-94AD-FDB89D595A83}.Debug|Win32.Build.0 = Debug|Win32
		{3E109589-9ABA-42CE-94AD-FDB89D595A83}.Release|Win32.ActiveCfg = Release|Win32
		{3E109589-9ABA-42CE-94AD-FDB89D595A83}.Release|Win32.Build.0 = Release|Win32
	EndGlobalSection
	GlobalSection(SolutionProperties) = preSolution
		HideSolutionNode = FALSE
	EndGlobalSection
	GlobalSection(ExtensibilityGlobals) = postSolution
		SolutionGuid = {F429FAD3-7C71-4CDB-ABD8-E0D237D77A20}
	EndGlobalSection
EndGlobal
